// !$*UTF8*$!
{
	archiveVersion = 1;
	classes = {
	};
	objectVersion = 56;
	objects = {

/* Begin PBXBuildFile section */
		39E288B72B42798000BA9510 /* Minimal_QuoteApp.swift in Sources */ = {isa = PBXBuildFile; fileRef = 39E288B62B42798000BA9510 /* Minimal_QuoteApp.swift */; };
		39E288B92B42798000BA9510 /* ContentView.swift in Sources */ = {isa = PBXBuildFile; fileRef = 39E288B82B42798000BA9510 /* ContentView.swift */; };
		39E288BB2B42798200BA9510 /* Assets.xcassets in Resources */ = {isa = PBXBuildFile; fileRef = 39E288BA2B42798200BA9510 /* Assets.xcassets */; };
		39E288BE2B42798200BA9510 /* Preview Assets.xcassets in Resources */ = {isa = PBXBuildFile; fileRef = 39E288BD2B42798200BA9510 /* Preview Assets.xcassets */; };
		39E288C82B42798300BA9510 /* Minimal_QuoteTests.swift in Sources */ = {isa = PBXBuildFile; fileRef = 39E288C72B42798300BA9510 /* Minimal_QuoteTests.swift */; };
		39E288D22B42798300BA9510 /* Minimal_QuoteUITests.swift in Sources */ = {isa = PBXBuildFile; fileRef = 39E288D12B42798300BA9510 /* Minimal_QuoteUITests.swift */; };
		39E288D42B42798300BA9510 /* Minimal_QuoteUITestsLaunchTests.swift in Sources */ = {isa = PBXBuildFile; fileRef = 39E288D32B42798300BA9510 /* Minimal_QuoteUITestsLaunchTests.swift */; };
/* End PBXBuildFile section */

/* Begin PBXContainerItemProxy section */
		39E288C42B42798300BA9510 /* PBXContainerItemProxy */ = {
			isa = PBXContainerItemProxy;
			containerPortal = 39E288AB2B42797F00BA9510 /* Project object */;
			proxyType = 1;
			remoteGlobalIDString = 39E288B22B42797F00BA9510;
			remoteInfo = "Minimal Quote";
		};
		39E288CE2B42798300BA9510 /* PBXContainerItemProxy */ = {
			isa = PBXContainerItemProxy;
			containerPortal = 39E288AB2B42797F00BA9510 /* Project object */;
			proxyType = 1;
			remoteGlobalIDString = 39E288B22B42797F00BA9510;
			remoteInfo = "Minimal Quote";
		};
/* End PBXContainerItemProxy section */

/* Begin PBXFileReference section */
		39E288B32B42797F00BA9510 /* Minimal Quote.app */ = {isa = PBXFileReference; explicitFileType = wrapper.application; includeInIndex = 0; path = "Minimal Quote.app"; sourceTree = BUILT_PRODUCTS_DIR; };
		39E288B62B42798000BA9510 /* Minimal_QuoteApp.swift */ = {isa = PBXFileReference; lastKnownFileType = sourcecode.swift; path = Minimal_QuoteApp.swift; sourceTree = "<group>"; };
		39E288B82B42798000BA9510 /* ContentView.swift */ = {isa = PBXFileReference; lastKnownFileType = sourcecode.swift; path = ContentView.swift; sourceTree = "<group>"; };
		39E288BA2B42798200BA9510 /* Assets.xcassets */ = {isa = PBXFileReference; lastKnownFileType = folder.assetcatalog; path = Assets.xcassets; sourceTree = "<group>"; };
		39E288BD2B42798200BA9510 /* Preview Assets.xcassets */ = {isa = PBXFileReference; lastKnownFileType = folder.assetcatalog; path = "Preview Assets.xcassets"; sourceTree = "<group>"; };
		39E288C32B42798300BA9510 /* Minimal QuoteTests.xctest */ = {isa = PBXFileReference; explicitFileType = wrapper.cfbundle; includeInIndex = 0; path = "Minimal QuoteTests.xctest"; sourceTree = BUILT_PRODUCTS_DIR; };
		39E288C72B42798300BA9510 /* Minimal_QuoteTests.swift */ = {isa = PBXFileReference; lastKnownFileType = sourcecode.swift; path = Minimal_QuoteTests.swift; sourceTree = "<group>"; };
		39E288CD2B42798300BA9510 /* Minimal QuoteUITests.xctest */ = {isa = PBXFileReference; explicitFileType = wrapper.cfbundle; includeInIndex = 0; path = "Minimal QuoteUITests.xctest"; sourceTree = BUILT_PRODUCTS_DIR; };
		39E288D12B42798300BA9510 /* Minimal_QuoteUITests.swift */ = {isa = PBXFileReference; lastKnownFileType = sourcecode.swift; path = Minimal_QuoteUITests.swift; sourceTree = "<group>"; };
		39E288D32B42798300BA9510 /* Minimal_QuoteUITestsLaunchTests.swift */ = {isa = PBXFileReference; lastKnownFileType = sourcecode.swift; path = Minimal_QuoteUITestsLaunchTests.swift; sourceTree = "<group>"; };
/* End PBXFileReference section */

/* Begin PBXFrameworksBuildPhase section */
		39E288B02B42797F00BA9510 /* Frameworks */ = {
			isa = PBXFrameworksBuildPhase;
			buildActionMask = 2147483647;
			files = (
			);
			runOnlyForDeploymentPostprocessing = 0;
		};
		39E288C02B42798200BA9510 /* Frameworks */ = {
			isa = PBXFrameworksBuildPhase;
			buildActionMask = 2147483647;
			files = (
			);
			runOnlyForDeploymentPostprocessing = 0;
		};
		39E288CA2B42798300BA9510 /* Frameworks */ = {
			isa = PBXFrameworksBuildPhase;
			buildActionMask = 2147483647;
			files = (
			);
			runOnlyForDeploymentPostprocessing = 0;
		};
/* End PBXFrameworksBuildPhase section */

/* Begin PBXGroup section */
		39E288AA2B42797F00BA9510 = {
			isa = PBXGroup;
			children = (
				39E288B52B42798000BA9510 /* Minimal Quote */,
				39E288C62B42798300BA9510 /* Minimal QuoteTests */,
				39E288D02B42798300BA9510 /* Minimal QuoteUITests */,
				39E288B42B42797F00BA9510 /* Products */,
			);
			sourceTree = "<group>";
		};
		39E288B42B42797F00BA9510 /* Products */ = {
			isa = PBXGroup;
			children = (
				39E288B32B42797F00BA9510 /* Minimal Quote.app */,
				39E288C32B42798300BA9510 /* Minimal QuoteTests.xctest */,
				39E288CD2B42798300BA9510 /* Minimal QuoteUITests.xctest */,
			);
			name = Products;
			sourceTree = "<group>";
		};
		39E288B52B42798000BA9510 /* Minimal Quote */ = {
			isa = PBXGroup;
			children = (
				39E288B62B42798000BA9510 /* Minimal_QuoteApp.swift */,
				39E288B82B42798000BA9510 /* ContentView.swift */,
				39E288BA2B42798200BA9510 /* Assets.xcassets */,
				39E288BC2B42798200BA9510 /* Preview Content */,
			);
			path = "Minimal Quote";
			sourceTree = "<group>";
		};
		39E288BC2B42798200BA9510 /* Preview Content */ = {
			isa = PBXGroup;
			children = (
				39E288BD2B42798200BA9510 /* Preview Assets.xcassets */,
			);
			path = "Preview Content";
			sourceTree = "<group>";
		};
		39E288C62B42798300BA9510 /* Minimal QuoteTests */ = {
			isa = PBXGroup;
			children = (
				39E288C72B42798300BA9510 /* Minimal_QuoteTests.swift */,
			);
			path = "Minimal QuoteTests";
			sourceTree = "<group>";
		};
		39E288D02B42798300BA9510 /* Minimal QuoteUITests */ = {
			isa = PBXGroup;
			children = (
				39E288D12B42798300BA9510 /* Minimal_QuoteUITests.swift */,
				39E288D32B42798300BA9510 /* Minimal_QuoteUITestsLaunchTests.swift */,
			);
			path = "Minimal QuoteUITests";
			sourceTree = "<group>";
		};
/* End PBXGroup section */

/* Begin PBXNativeTarget section */
		39E288B22B42797F00BA9510 /* Minimal Quote */ = {
			isa = PBXNativeTarget;
			buildConfigurationList = 39E288D72B42798300BA9510 /* Build configuration list for PBXNativeTarget "Minimal Quote" */;
			buildPhases = (
				39E288AF2B42797F00BA9510 /* Sources */,
				39E288B02B42797F00BA9510 /* Frameworks */,
				39E288B12B42797F00BA9510 /* Resources */,
			);
			buildRules = (
			);
			dependencies = (
			);
			name = "Minimal Quote";
			productName = "Minimal Quote";
			productReference = 39E288B32B42797F00BA9510 /* Minimal Quote.app */;
			productType = "com.apple.product-type.application";
		};
		39E288C22B42798200BA9510 /* Minimal QuoteTests */ = {
			isa = PBXNativeTarget;
			buildConfigurationList = 39E288DA2B42798300BA9510 /* Build configuration list for PBXNativeTarget "Minimal QuoteTests" */;
			buildPhases = (
				39E288BF2B42798200BA9510 /* Sources */,
				39E288C02B42798200BA9510 /* Frameworks */,
				39E288C12B42798200BA9510 /* Resources */,
			);
			buildRules = (
			);
			dependencies = (
				39E288C52B42798300BA9510 /* PBXTargetDependency */,
			);
			name = "Minimal QuoteTests";
			productName = "Minimal QuoteTests";
			productReference = 39E288C32B42798300BA9510 /* Minimal QuoteTests.xctest */;
			productType = "com.apple.product-type.bundle.unit-test";
		};
		39E288CC2B42798300BA9510 /* Minimal QuoteUITests */ = {
			isa = PBXNativeTarget;
			buildConfigurationList = 39E288DD2B42798300BA9510 /* Build configuration list for PBXNativeTarget "Minimal QuoteUITests" */;
			buildPhases = (
				39E288C92B42798300BA9510 /* Sources */,
				39E288CA2B42798300BA9510 /* Frameworks */,
				39E288CB2B42798300BA9510 /* Resources */,
			);
			buildRules = (
			);
			dependencies = (
				39E288CF2B42798300BA9510 /* PBXTargetDependency */,
			);
			name = "Minimal QuoteUITests";
			productName = "Minimal QuoteUITests";
			productReference = 39E288CD2B42798300BA9510 /* Minimal QuoteUITests.xctest */;
			productType = "com.apple.product-type.bundle.ui-testing";
		};
/* End PBXNativeTarget section */

/* Begin PBXProject section */
		39E288AB2B42797F00BA9510 /* Project object */ = {
			isa = PBXProject;
			attributes = {
				BuildIndependentTargetsInParallel = 1;
				LastSwiftUpdateCheck = 1510;
				LastUpgradeCheck = 1510;
				TargetAttributes = {
					39E288B22B42797F00BA9510 = {
						CreatedOnToolsVersion = 15.1;
					};
					39E288C22B42798200BA9510 = {
						CreatedOnToolsVersion = 15.1;
						TestTargetID = 39E288B22B42797F00BA9510;
					};
					39E288CC2B42798300BA9510 = {
						CreatedOnToolsVersion = 15.1;
						TestTargetID = 39E288B22B42797F00BA9510;
					};
				};
			};
			buildConfigurationList = 39E288AE2B42797F00BA9510 /* Build configuration list for PBXProject "Minimal Quote" */;
			compatibilityVersion = "Xcode 14.0";
			developmentRegion = en;
			hasScannedForEncodings = 0;
			knownRegions = (
				en,
				Base,
			);
			mainGroup = 39E288AA2B42797F00BA9510;
			productRefGroup = 39E288B42B42797F00BA9510 /* Products */;
			projectDirPath = "";
			projectRoot = "";
			targets = (
				39E288B22B42797F00BA9510 /* Minimal Quote */,
				39E288C22B42798200BA9510 /* Minimal QuoteTests */,
				39E288CC2B42798300BA9510 /* Minimal QuoteUITests */,
			);
		};
/* End PBXProject section */

/* Begin PBXResourcesBuildPhase section */
		39E288B12B42797F00BA9510 /* Resources */ = {
			isa = PBXResourcesBuildPhase;
			buildActionMask = 2147483647;
			files = (
				39E288BE2B42798200BA9510 /* Preview Assets.xcassets in Resources */,
				39E288BB2B42798200BA9510 /* Assets.xcassets in Resources */,
			);
			runOnlyForDeploymentPostprocessing = 0;
		};
		39E288C12B42798200BA9510 /* Resources */ = {
			isa = PBXResourcesBuildPhase;
			buildActionMask = 2147483647;
			files = (
			);
			runOnlyForDeploymentPostprocessing = 0;
		};
		39E288CB2B42798300BA9510 /* Resources */ = {
			isa = PBXResourcesBuildPhase;
			buildActionMask = 2147483647;
			files = (
			);
			runOnlyForDeploymentPostprocessing = 0;
		};
/* End PBXResourcesBuildPhase section */

/* Begin PBXSourcesBuildPhase section */
		39E288AF2B42797F00BA9510 /* Sources */ = {
			isa = PBXSourcesBuildPhase;
			buildActionMask = 2147483647;
			files = (
				39E288B92B42798000BA9510 /* ContentView.swift in Sources */,
				39E288B72B42798000BA9510 /* Minimal_QuoteApp.swift in Sources */,
			);
			runOnlyForDeploymentPostprocessing = 0;
		};
		39E288BF2B42798200BA9510 /* Sources */ = {
			isa = PBXSourcesBuildPhase;
			buildActionMask = 2147483647;
			files = (
				39E288C82B42798300BA9510 /* Minimal_QuoteTests.swift in Sources */,
			);
			runOnlyForDeploymentPostprocessing = 0;
		};
		39E288C92B42798300BA9510 /* Sources */ = {
			isa = PBXSourcesBuildPhase;
			buildActionMask = 2147483647;
			files = (
				39E288D22B42798300BA9510 /* Minimal_QuoteUITests.swift in Sources */,
				39E288D42B42798300BA9510 /* Minimal_QuoteUITestsLaunchTests.swift in Sources */,
			);
			runOnlyForDeploymentPostprocessing = 0;
		};
/* End PBXSourcesBuildPhase section */

/* Begin PBXTargetDependency section */
		39E288C52B42798300BA9510 /* PBXTargetDependency */ = {
			isa = PBXTargetDependency;
			target = 39E288B22B42797F00BA9510 /* Minimal Quote */;
			targetProxy = 39E288C42B42798300BA9510 /* PBXContainerItemProxy */;
		};
		39E288CF2B42798300BA9510 /* PBXTargetDependency */ = {
			isa = PBXTargetDependency;
			target = 39E288B22B42797F00BA9510 /* Minimal Quote */;
			targetProxy = 39E288CE2B42798300BA9510 /* PBXContainerItemProxy */;
		};
/* End PBXTargetDependency section */

/* Begin XCBuildConfiguration section */
		39E288D52B42798300BA9510 /* Debug */ = {
			isa = XCBuildConfiguration;
			buildSettings = {
				ALWAYS_SEARCH_USER_PATHS = NO;
				ASSETCATALOG_COMPILER_GENERATE_SWIFT_ASSET_SYMBOL_EXTENSIONS = YES;
				CLANG_ANALYZER_NONNULL = YES;
				CLANG_ANALYZER_NUMBER_OBJECT_CONVERSION = YES_AGGRESSIVE;
				CLANG_CXX_LANGUAGE_STANDARD = "gnu++20";
				CLANG_ENABLE_MODULES = YES;
				CLANG_ENABLE_OBJC_ARC = YES;
				CLANG_ENABLE_OBJC_WEAK = YES;
				CLANG_WARN_BLOCK_CAPTURE_AUTORELEASING = YES;
				CLANG_WARN_BOOL_CONVERSION = YES;
				CLANG_WARN_COMMA = YES;
				CLANG_WARN_CONSTANT_CONVERSION = YES;
				CLANG_WARN_DEPRECATED_OBJC_IMPLEMENTATIONS = YES;
				CLANG_WARN_DIRECT_OBJC_ISA_USAGE = YES_ERROR;
				CLANG_WARN_DOCUMENTATION_COMMENTS = YES;
				CLANG_WARN_EMPTY_BODY = YES;
				CLANG_WARN_ENUM_CONVERSION = YES;
				CLANG_WARN_INFINITE_RECURSION = YES;
				CLANG_WARN_INT_CONVERSION = YES;
				CLANG_WARN_NON_LITERAL_NULL_CONVERSION = YES;
				CLANG_WARN_OBJC_IMPLICIT_RETAIN_SELF = YES;
				CLANG_WARN_OBJC_LITERAL_CONVERSION = YES;
				CLANG_WARN_OBJC_ROOT_CLASS = YES_ERROR;
				CLANG_WARN_QUOTED_INCLUDE_IN_FRAMEWORK_HEADER = YES;
				CLANG_WARN_RANGE_LOOP_ANALYSIS = YES;
				CLANG_WARN_STRICT_PROTOTYPES = YES;
				CLANG_WARN_SUSPICIOUS_MOVE = YES;
				CLANG_WARN_UNGUARDED_AVAILABILITY = YES_AGGRESSIVE;
				CLANG_WARN_UNREACHABLE_CODE = YES;
				CLANG_WARN__DUPLICATE_METHOD_MATCH = YES;
				COPY_PHASE_STRIP = NO;
				DEBUG_INFORMATION_FORMAT = dwarf;
				ENABLE_STRICT_OBJC_MSGSEND = YES;
				ENABLE_TESTABILITY = YES;
				ENABLE_USER_SCRIPT_SANDBOXING = YES;
				GCC_C_LANGUAGE_STANDARD = gnu17;
				GCC_DYNAMIC_NO_PIC = NO;
				GCC_NO_COMMON_BLOCKS = YES;
				GCC_OPTIMIZATION_LEVEL = 0;
				GCC_PREPROCESSOR_DEFINITIONS = (
					"DEBUG=1",
					"$(inherited)",
				);
				GCC_WARN_64_TO_32_BIT_CONVERSION = YES;
				GCC_WARN_ABOUT_RETURN_TYPE = YES_ERROR;
				GCC_WARN_UNDECLARED_SELECTOR = YES;
				GCC_WARN_UNINITIALIZED_AUTOS = YES_AGGRESSIVE;
				GCC_WARN_UNUSED_FUNCTION = YES;
				GCC_WARN_UNUSED_VARIABLE = YES;
				IPHONEOS_DEPLOYMENT_TARGET = 17.2;
				LOCALIZATION_PREFERS_STRING_CATALOGS = YES;
				MTL_ENABLE_DEBUG_INFO = INCLUDE_SOURCE;
				MTL_FAST_MATH = YES;
				ONLY_ACTIVE_ARCH = YES;
				SDKROOT = iphoneos;
				SWIFT_ACTIVE_COMPILATION_CONDITIONS = "DEBUG $(inherited)";
				SWIFT_OPTIMIZATION_LEVEL = "-Onone";
			};
			name = Debug;
		};
		39E288D62B42798300BA9510 /* Release */ = {
			isa = XCBuildConfiguration;
			buildSettings = {
				ALWAYS_SEARCH_USER_PATHS = NO;
				ASSETCATALOG_COMPILER_GENERATE_SWIFT_ASSET_SYMBOL_EXTENSIONS = YES;
				CLANG_ANALYZER_NONNULL = YES;
				CLANG_ANALYZER_NUMBER_OBJECT_CONVERSION = YES_AGGRESSIVE;
				CLANG_CXX_LANGUAGE_STANDARD = "gnu++20";
				CLANG_ENABLE_MODULES = YES;
				CLANG_ENABLE_OBJC_ARC = YES;
				CLANG_ENABLE_OBJC_WEAK = YES;
				CLANG_WARN_BLOCK_CAPTURE_AUTORELEASING = YES;
				CLANG_WARN_BOOL_CONVERSION = YES;
				CLANG_WARN_COMMA = YES;
				CLANG_WARN_CONSTANT_CONVERSION = YES;
				CLANG_WARN_DEPRECATED_OBJC_IMPLEMENTATIONS = YES;
				CLANG_WARN_DIRECT_OBJC_ISA_USAGE = YES_ERROR;
				CLANG_WARN_DOCUMENTATION_COMMENTS = YES;
				CLANG_WARN_EMPTY_BODY = YES;
				CLANG_WARN_ENUM_CONVERSION = YES;
				CLANG_WARN_INFINITE_RECURSION = YES;
				CLANG_WARN_INT_CONVERSION = YES;
				CLANG_WARN_NON_LITERAL_NULL_CONVERSION = YES;
				CLANG_WARN_OBJC_IMPLICIT_RETAIN_SELF = YES;
				CLANG_WARN_OBJC_LITERAL_CONVERSION = YES;
				CLANG_WARN_OBJC_ROOT_CLASS = YES_ERROR;
				CLANG_WARN_QUOTED_INCLUDE_IN_FRAMEWORK_HEADER = YES;
				CLANG_WARN_RANGE_LOOP_ANALYSIS = YES;
				CLANG_WARN_STRICT_PROTOTYPES = YES;
				CLANG_WARN_SUSPICIOUS_MOVE = YES;
				CLANG_WARN_UNGUARDED_AVAILABILITY = YES_AGGRESSIVE;
				CLANG_WARN_UNREACHABLE_CODE = YES;
				CLANG_WARN__DUPLICATE_METHOD_MATCH = YES;
				COPY_PHASE_STRIP = NO;
				DEBUG_INFORMATION_FORMAT = "dwarf-with-dsym";
				ENABLE_NS_ASSERTIONS = NO;
				ENABLE_STRICT_OBJC_MSGSEND = YES;
				ENABLE_USER_SCRIPT_SANDBOXING = YES;
				GCC_C_LANGUAGE_STANDARD = gnu17;
				GCC_NO_COMMON_BLOCKS = YES;
				GCC_WARN_64_TO_32_BIT_CONVERSION = YES;
				GCC_WARN_ABOUT_RETURN_TYPE = YES_ERROR;
				GCC_WARN_UNDECLARED_SELECTOR = YES;
				GCC_WARN_UNINITIALIZED_AUTOS = YES_AGGRESSIVE;
				GCC_WARN_UNUSED_FUNCTION = YES;
				GCC_WARN_UNUSED_VARIABLE = YES;
				IPHONEOS_DEPLOYMENT_TARGET = 17.2;
				LOCALIZATION_PREFERS_STRING_CATALOGS = YES;
				MTL_ENABLE_DEBUG_INFO = NO;
				MTL_FAST_MATH = YES;
				SDKROOT = iphoneos;
				SWIFT_COMPILATION_MODE = wholemodule;
				VALIDATE_PRODUCT = YES;
			};
			name = Release;
		};
		39E288D82B42798300BA9510 /* Debug */ = {
			isa = XCBuildConfiguration;
			buildSettings = {
				ASSETCATALOG_COMPILER_APPICON_NAME = AppIcon;
				ASSETCATALOG_COMPILER_GLOBAL_ACCENT_COLOR_NAME = AccentColor;
				CODE_SIGN_STYLE = Automatic;
				CURRENT_PROJECT_VERSION = 1;
				DEVELOPMENT_ASSET_PATHS = "\"Minimal Quote/Preview Content\"";
				DEVELOPMENT_TEAM = P7DYN3W869;
				ENABLE_PREVIEWS = YES;
				GENERATE_INFOPLIST_FILE = YES;
				INFOPLIST_KEY_UIApplicationSceneManifest_Generation = YES;
				INFOPLIST_KEY_UIApplicationSupportsIndirectInputEvents = YES;
				INFOPLIST_KEY_UILaunchScreen_Generation = YES;
				INFOPLIST_KEY_UISupportedInterfaceOrientations_iPad = "UIInterfaceOrientationPortrait UIInterfaceOrientationPortraitUpsideDown UIInterfaceOrientationLandscapeLeft UIInterfaceOrientationLandscapeRight";
				INFOPLIST_KEY_UISupportedInterfaceOrientations_iPhone = "UIInterfaceOrientationPortrait UIInterfaceOrientationLandscapeLeft UIInterfaceOrientationLandscapeRight";
				LD_RUNPATH_SEARCH_PATHS = (
					"$(inherited)",
					"@executable_path/Frameworks",
				);
				MARKETING_VERSION = 1.0;
				PRODUCT_BUNDLE_IDENTIFIER = "com.covelabs.Minimal-Quote";
				PRODUCT_NAME = "$(TARGET_NAME)";
				SWIFT_EMIT_LOC_STRINGS = YES;
				SWIFT_VERSION = 5.0;
				TARGETED_DEVICE_FAMILY = "1,2";
			};
			name = Debug;
		};
		39E288D92B42798300BA9510 /* Release */ = {
			isa = XCBuildConfiguration;
			buildSettings = {
				ASSETCATALOG_COMPILER_APPICON_NAME = AppIcon;
				ASSETCATALOG_COMPILER_GLOBAL_ACCENT_COLOR_NAME = AccentColor;
				CODE_SIGN_STYLE = Automatic;
				CURRENT_PROJECT_VERSION = 1;
				DEVELOPMENT_ASSET_PATHS = "\"Minimal Quote/Preview Content\"";
				DEVELOPMENT_TEAM = P7DYN3W869;
				ENABLE_PREVIEWS = YES;
				GENERATE_INFOPLIST_FILE = YES;
				INFOPLIST_KEY_UIApplicationSceneManifest_Generation = YES;
				INFOPLIST_KEY_UIApplicationSupportsIndirectInputEvents = YES;
				INFOPLIST_KEY_UILaunchScreen_Generation = YES;
				INFOPLIST_KEY_UISupportedInterfaceOrientations_iPad = "UIInterfaceOrientationPortrait UIInterfaceOrientationPortraitUpsideDown UIInterfaceOrientationLandscapeLeft UIInterfaceOrientationLandscapeRight";
				INFOPLIST_KEY_UISupportedInterfaceOrientations_iPhone = "UIInterfaceOrientationPortrait UIInterfaceOrientationLandscapeLeft UIInterfaceOrientationLandscapeRight";
				LD_RUNPATH_SEARCH_PATHS = (
					"$(inherited)",
					"@executable_path/Frameworks",
				);
				MARKETING_VERSION = 1.0;
				PRODUCT_BUNDLE_IDENTIFIER = "com.covelabs.Minimal-Quote";
				PRODUCT_NAME = "$(TARGET_NAME)";
				SWIFT_EMIT_LOC_STRINGS = YES;
				SWIFT_VERSION = 5.0;
				TARGETED_DEVICE_FAMILY = "1,2";
			};
			name = Release;
		};
		39E288DB2B42798300BA9510 /* Debug */ = {
			isa = XCBuildConfiguration;
			buildSettings = {
				ALWAYS_EMBED_SWIFT_STANDARD_LIBRARIES = YES;
				BUNDLE_LOADER = "$(TEST_HOST)";
				CODE_SIGN_STYLE = Automatic;
				CURRENT_PROJECT_VERSION = 1;
				DEVELOPMENT_TEAM = P7DYN3W869;
				GENERATE_INFOPLIST_FILE = YES;
				IPHONEOS_DEPLOYMENT_TARGET = 17.2;
				MARKETING_VERSION = 1.0;
				PRODUCT_BUNDLE_IDENTIFIER = "com.covelabs.Minimal-QuoteTests";
				PRODUCT_NAME = "$(TARGET_NAME)";
				SWIFT_EMIT_LOC_STRINGS = NO;
				SWIFT_VERSION = 5.0;
				TARGETED_DEVICE_FAMILY = "1,2";
				TEST_HOST = "$(BUILT_PRODUCTS_DIR)/Minimal Quote.app/$(BUNDLE_EXECUTABLE_FOLDER_PATH)/Minimal Quote";
			};
			name = Debug;
		};
		39E288DC2B42798300BA9510 /* Release */ = {
			isa = XCBuildConfiguration;
			buildSettings = {
				ALWAYS_EMBED_SWIFT_STANDARD_LIBRARIES = YES;
				BUNDLE_LOADER = "$(TEST_HOST)";
				CODE_SIGN_STYLE = Automatic;
				CURRENT_PROJECT_VERSION = 1;
				DEVELOPMENT_TEAM = P7DYN3W869;
				GENERATE_INFOPLIST_FILE = YES;
				IPHONEOS_DEPLOYMENT_TARGET = 17.2;
				MARKETING_VERSION = 1.0;
				PRODUCT_BUNDLE_IDENTIFIER = "com.covelabs.Minimal-QuoteTests";
				PRODUCT_NAME = "$(TARGET_NAME)";
				SWIFT_EMIT_LOC_STRINGS = NO;
				SWIFT_VERSION = 5.0;
				TARGETED_DEVICE_FAMILY = "1,2";
				TEST_HOST = "$(BUILT_PRODUCTS_DIR)/Minimal Quote.app/$(BUNDLE_EXECUTABLE_FOLDER_PATH)/Minimal Quote";
			};
			name = Release;
		};
		39E288DE2B42798300BA9510 /* Debug */ = {
			isa = XCBuildConfiguration;
			buildSettings = {
				ALWAYS_EMBED_SWIFT_STANDARD_LIBRARIES = YES;
				CODE_SIGN_STYLE = Automatic;
				CURRENT_PROJECT_VERSION = 1;
				DEVELOPMENT_TEAM = P7DYN3W869;
				GENERATE_INFOPLIST_FILE = YES;
				MARKETING_VERSION = 1.0;
				PRODUCT_BUNDLE_IDENTIFIER = "com.covelabs.Minimal-QuoteUITests";
				PRODUCT_NAME = "$(TARGET_NAME)";
				SWIFT_EMIT_LOC_STRINGS = NO;
				SWIFT_VERSION = 5.0;
				TARGETED_DEVICE_FAMILY = "1,2";
				TEST_TARGET_NAME = "Minimal Quote";
			};
			name = Debug;
		};
		39E288DF2B42798300BA9510 /* Release */ = {
			isa = XCBuildConfiguration;
			buildSettings = {
				ALWAYS_EMBED_SWIFT_STANDARD_LIBRARIES = YES;
				CODE_SIGN_STYLE = Automatic;
				CURRENT_PROJECT_VERSION = 1;
				DEVELOPMENT_TEAM = P7DYN3W869;
				GENERATE_INFOPLIST_FILE = YES;
				MARKETING_VERSION = 1.0;
				PRODUCT_BUNDLE_IDENTIFIER = "com.covelabs.Minimal-QuoteUITests";
				PRODUCT_NAME = "$(TARGET_NAME)";
				SWIFT_EMIT_LOC_STRINGS = NO;
				SWIFT_VERSION = 5.0;
				TARGETED_DEVICE_FAMILY = "1,2";
				TEST_TARGET_NAME = "Minimal Quote";
			};
			name = Release;
		};
/* End XCBuildConfiguration section */

/* Begin XCConfigurationList section */
		39E288AE2B42797F00BA9510 /* Build configuration list for PBXProject "Minimal Quote" */ = {
			isa = XCConfigurationList;
			buildConfigurations = (
				39E288D52B42798300BA9510 /* Debug */,
				39E288D62B42798300BA9510 /* Release */,
			);
			defaultConfigurationIsVisible = 0;
			defaultConfigurationName = Release;
		};
		39E288D72B42798300BA9510 /* Build configuration list for PBXNativeTarget "Minimal Quote" */ = {
			isa = XCConfigurationList;
			buildConfigurations = (
				39E288D82B42798300BA9510 /* Debug */,
				39E288D92B42798300BA9510 /* Release */,
			);
			defaultConfigurationIsVisible = 0;
			defaultConfigurationName = Release;
		};
		39E288DA2B42798300BA9510 /* Build configuration list for PBXNativeTarget "Minimal QuoteTests" */ = {
			isa = XCConfigurationList;
			buildConfigurations = (
				39E288DB2B42798300BA9510 /* Debug */,
				39E288DC2B42798300BA9510 /* Release */,
			);
			defaultConfigurationIsVisible = 0;
			defaultConfigurationName = Release;
		};
		39E288DD2B42798300BA9510 /* Build configuration list for PBXNativeTarget "Minimal QuoteUITests" */ = {
			isa = XCConfigurationList;
			buildConfigurations = (
				39E288DE2B42798300BA9510 /* Debug */,
				39E288DF2B42798300BA9510 /* Release */,
			);
			defaultConfigurationIsVisible = 0;
			defaultConfigurationName = Release;
		};
/* End XCConfigurationList section */
	};
	rootObject = 39E288AB2B42797F00BA9510 /* Project object */;
}
